
Microsoft Visual Studio Solution File, Format Version 12.00
# Visual Studio 2013
VisualStudioVersion = 12.0.21005.1
MinimumVisualStudioVersion = 10.0.40219.1
Project("{FAE04EC0-301F-11D3-BF4B-00C04F79EFBC}") = "Quiron.LojaVirtual.Dominio", "Quiron.LojaVirtual.Dominio\Quiron.LojaVirtual.Dominio.csproj", "{574212F8-40E8-464D-A8B8-76CEDAC7D2C9}"
EndProject
Project("{FAE04EC0-301F-11D3-BF4B-00C04F79EFBC}") = "Quiron.LojaVirtual.Web", "Quiron.LojaVirtual.Web\Quiron.LojaVirtual.Web.csproj", "{1A183BDC-8378-47A7-A020-12C1689DD21F}"
EndProject
Project("{FAE04EC0-301F-11D3-BF4B-00C04F79EFBC}") = "Quiron.LojaVirutal.UnitTest", "Quiron.LojaVirutal.UnitTest\Quiron.LojaVirutal.UnitTest.csproj", "{9FDDF001-6521-4A6D-81C3-4FAE3C975A55}"
EndProject
Global
	GlobalSection(SolutionConfigurationPlatforms) = preSolution
		Debug|Any CPU = Debug|Any CPU
		Release|Any CPU = Release|Any CPU
	EndGlobalSection
	GlobalSection(ProjectConfigurationPlatforms) = postSolution
		{574212F8-40E8-464D-A8B8-76CEDAC7D2C9}.Debug|Any CPU.ActiveCfg = Debug|Any CPU
		{574212F8-40E8-464D-A8B8-76CEDAC7D2C9}.Debug|Any CPU.Build.0 = Debug|Any CPU
		{574212F8-40E8-464D-A8B8-76CEDAC7D2C9}.Release|Any CPU.ActiveCfg = Release|Any CPU
		{574212F8-40E8-464D-A8B8-76CEDAC7D2C9}.Release|Any CPU.Build.0 = Release|Any CPU
		{1A183BDC-8378-47A7-A020-12C1689DD21F}.Debug|Any CPU.ActiveCfg = Debug|Any CPU
		{1A183BDC-8378-47A7-A020-12C1689DD21F}.Debug|Any CPU.Build.0 = Debug|Any CPU
		{1A183BDC-8378-47A7-A020-12C1689DD21F}.Release|Any CPU.ActiveCfg = Release|Any CPU
		{1A183BDC-8378-47A7-A020-12C1689DD21F}.Release|Any CPU.Build.0 = Release|Any CPU
		{9FDDF001-6521-4A6D-81C3-4FAE3C975A55}.Debug|Any CPU.ActiveCfg = Debug|Any CPU
		{9FDDF001-6521-4A6D-81C3-4FAE3C975A55}.Debug|Any CPU.Build.0 = Debug|Any CPU
		{9FDDF001-6521-4A6D-81C3-4FAE3C975A55}.Release|Any CPU.ActiveCfg = Release|Any CPU
		{9FDDF001-6521-4A6D-81C3-4FAE3C975A55}.Release|Any CPU.Build.0 = Release|Any CPU
	EndGlobalSection
	GlobalSection(SolutionProperties) = preSolution
		HideSolutionNode = FALSE
	EndGlobalSection
EndGlobal
